
Microsoft Visual Studio Solution File, Format Version 12.00
# Visual Studio Version 17
VisualStudioVersion = 17.14.36310.24
MinimumVisualStudioVersion = 10.0.40219.1
Project("{FAE04EC0-301F-11D3-BF4B-00C04F79EFBC}") = "Quizora.Api", "Quizora.Api\Quizora.Api.csproj", "{FB7523D1-72CF-4F9A-91B1-4CADEC9D88A4}"
EndProject
Project("{2150E333-8FDC-42A3-9474-1A3956D46DE8}") = "src", "src", "{827E0CD3-B72D-47B6-A68D-7590B98EB39B}"
EndProject
Project("{FAE04EC0-301F-11D3-BF4B-00C04F79EFBC}") = "Quizora.SharedKernel", "src\Quizora.SharedKernel\Quizora.SharedKernel.csproj", "{C941A458-F6F8-4183-9617-E1607AC9C264}"
EndProject
Project("{2150E333-8FDC-42A3-9474-1A3956D46DE8}") = "Modules", "Modules", "{EC447DCF-ABFA-6E24-52A5-D7FD48A5C558}"
EndProject
Project("{2150E333-8FDC-42A3-9474-1A3956D46DE8}") = "Identity", "Identity", "{0EC62A1A-9858-3A60-8A0C-FC9AACFA2EC7}"
EndProject
Project("{FAE04EC0-301F-11D3-BF4B-00C04F79EFBC}") = "Identity.Domain", "src\Modules\Identity\Identity.Domain\Identity.Domain.csproj", "{51A03C51-4D3C-4972-ABEB-8863AA66E5B5}"
EndProject
Project("{FAE04EC0-301F-11D3-BF4B-00C04F79EFBC}") = "Identity.Application", "src\Modules\Identity\Identity.Application\Identity.Application.csproj", "{2F195A2A-2CBE-4A28-ABB0-B0993112731E}"
EndProject
Project("{FAE04EC0-301F-11D3-BF4B-00C04F79EFBC}") = "Identity.Infrastructure", "src\Modules\Identity\Identity.Infrastructure\Identity.Infrastructure.csproj", "{8769B9C9-66AB-4465-A919-84DF0568F693}"
EndProject
Project("{2150E333-8FDC-42A3-9474-1A3956D46DE8}") = "tests", "tests", "{0AB3BF05-4346-4AA6-1389-037BE0695223}"
EndProject
Project("{FAE04EC0-301F-11D3-BF4B-00C04F79EFBC}") = "Quizora.UnitTests", "tests\Quizora.UnitTests\Quizora.UnitTests.csproj", "{376B7833-B670-4589-93CE-431A7FD61DD0}"
EndProject
Project("{FAE04EC0-301F-11D3-BF4B-00C04F79EFBC}") = "Quizora.IntegrationTests", "tests\Quizora.IntegrationTests\Quizora.IntegrationTests.csproj", "{012597BF-FDC9-4275-A551-7BB357FC27AD}"
EndProject
Project("{FAE04EC0-301F-11D3-BF4B-00C04F79EFBC}") = "Quizora.ArchTests", "tests\Quizora.ArchTests\Quizora.ArchTests.csproj", "{09394146-0214-473B-91D1-46F74C80B0E3}"
EndProject
Project("{2150E333-8FDC-42A3-9474-1A3956D46DE8}") = "QuizManagement", "QuizManagement", "{729F95BF-2DC2-A62D-8E85-CBB5E28305CD}"
EndProject
Project("{FAE04EC0-301F-11D3-BF4B-00C04F79EFBC}") = "QuizManagement.Domain", "src\Modules\QuizManagement\QuizManagement.Domain\QuizManagement.Domain.csproj", "{12B23C88-CE2C-410B-AD00-720A121A6FD8}"
EndProject
Project("{FAE04EC0-301F-11D3-BF4B-00C04F79EFBC}") = "QuizManagement.Application", "src\Modules\QuizManagement\QuizManagement.Application\QuizManagement.Application.csproj", "{3949CDA7-715C-4B68-9105-1C1A1C5EAB58}"
EndProject
Project("{FAE04EC0-301F-11D3-BF4B-00C04F79EFBC}") = "QuizManagement.Infrastructure", "src\Modules\QuizManagement\QuizManagement.Infrastructure\QuizManagement.Infrastructure.csproj", "{43A06851-69D8-444C-AB6A-ED05796E4C7B}"
EndProject
Project("{FAE04EC0-301F-11D3-BF4B-00C04F79EFBC}") = "ExamEngine.Domain", "src\Modules\ExamEngine\ExamEngine.Domain\ExamEngine.Domain.csproj", "{B8E9E48B-CB2F-4A9A-BB7C-5D56F2B2FA14}"
EndProject
Project("{FAE04EC0-301F-11D3-BF4B-00C04F79EFBC}") = "ExamEngine.Application", "src\Modules\ExamEngine\ExamEngine.Application\ExamEngine.Application.csproj", "{4A0F222D-D456-496D-87BB-D6D2D513237C}"
EndProject
Project("{FAE04EC0-301F-11D3-BF4B-00C04F79EFBC}") = "ExamEngine.Infrastructure", "src\Modules\ExamEngine\ExamEngine.Infrastructure\ExamEngine.Infrastructure.csproj", "{C3269806-36D2-4240-AA43-6F36529FB0BB}"
EndProject
Project("{FAE04EC0-301F-11D3-BF4B-00C04F79EFBC}") = "AITutor.Domain", "src\Modules\AITutor\AITutor.Domain\AITutor.Domain.csproj", "{50A79F00-AC00-4D78-8629-24D4AB7D9D00}"
EndProject
Project("{FAE04EC0-301F-11D3-BF4B-00C04F79EFBC}") = "AITutor.Application", "src\Modules\AITutor\AITutor.Application\AITutor.Application.csproj", "{993519CB-0EB3-403E-961D-28DD9503A7FF}"
EndProject
Project("{FAE04EC0-301F-11D3-BF4B-00C04F79EFBC}") = "AITutor.Infrastructure", "src\Modules\AITutor\AITutor.Infrastructure\AITutor.Infrastructure.csproj", "{848CE696-60D8-49D2-8FA7-CC90027DEA83}"
EndProject
Project("{2150E333-8FDC-42A3-9474-1A3956D46DE8}") = "Analytics", "Analytics", "{DA0A0FAD-B77D-FDD6-35C5-001386650F99}"
EndProject
Project("{FAE04EC0-301F-11D3-BF4B-00C04F79EFBC}") = "Analytics.Application", "src\Modules\Analytics\Analytics.Application\Analytics.Application.csproj", "{5B83ED34-1A8B-44F0-94F5-9E7FE64F74A4}"
EndProject
Project("{FAE04EC0-301F-11D3-BF4B-00C04F79EFBC}") = "Analytics.Infrastructure", "src\Modules\Analytics\Analytics.Infrastructure\Analytics.Infrastructure.csproj", "{D100585F-F206-4457-B92B-DE0E02DBF5E6}"
EndProject
Project("{2150E333-8FDC-42A3-9474-1A3956D46DE8}") = "ExamEngine", "ExamEngine", "{2E3F4A5B-6C7D-8E9F-A0B1-C2D3E4F5A6B7}"
EndProject
Project("{2150E333-8FDC-42A3-9474-1A3956D46DE8}") = "AITutor", "AITutor", "{9F8E7D6C-5B4A-3F2E-1D0C-B9A8F7E6D5C4}"
EndProject
Global
	GlobalSection(SolutionConfigurationPlatforms) = preSolution
		Debug|Any CPU = Debug|Any CPU
		Debug|x64 = Debug|x64
		Debug|x86 = Debug|x86
		Release|Any CPU = Release|Any CPU
		Release|x64 = Release|x64
		Release|x86 = Release|x86
	EndGlobalSection
	GlobalSection(ProjectConfigurationPlatforms) = postSolution
		{FB7523D1-72CF-4F9A-91B1-4CADEC9D88A4}.Debug|Any CPU.ActiveCfg = Debug|Any CPU
		{FB7523D1-72CF-4F9A-91B1-4CADEC9D88A4}.Debug|Any CPU.Build.0 = Debug|Any CPU
		{FB7523D1-72CF-4F9A-91B1-4CADEC9D88A4}.Debug|x64.ActiveCfg = Debug|Any CPU
		{FB7523D1-72CF-4F9A-91B1-4CADEC9D88A4}.Debug|x64.Build.0 = Debug|Any CPU
		{FB7523D1-72CF-4F9A-91B1-4CADEC9D88A4}.Debug|x86.ActiveCfg = Debug|Any CPU
		{FB7523D1-72CF-4F9A-91B1-4CADEC9D88A4}.Debug|x86.Build.0 = Debug|Any CPU
		{FB7523D1-72CF-4F9A-91B1-4CADEC9D88A4}.Release|Any CPU.ActiveCfg = Release|Any CPU
		{FB7523D1-72CF-4F9A-91B1-4CADEC9D88A4}.Release|Any CPU.Build.0 = Release|Any CPU
		{FB7523D1-72CF-4F9A-91B1-4CADEC9D88A4}.Release|x64.ActiveCfg = Release|Any CPU
		{FB7523D1-72CF-4F9A-91B1-4CADEC9D88A4}.Release|x64.Build.0 = Release|Any CPU
		{FB7523D1-72CF-4F9A-91B1-4CADEC9D88A4}.Release|x86.ActiveCfg = Release|Any CPU
		{FB7523D1-72CF-4F9A-91B1-4CADEC9D88A4}.Release|x86.Build.0 = Release|Any CPU
		{C941A458-F6F8-4183-9617-E1607AC9C264}.Debug|Any CPU.ActiveCfg = Debug|Any CPU
		{C941A458-F6F8-4183-9617-E1607AC9C264}.Debug|Any CPU.Build.0 = Debug|Any CPU
		{C941A458-F6F8-4183-9617-E1607AC9C264}.Debug|x64.ActiveCfg = Debug|Any CPU
		{C941A458-F6F8-4183-9617-E1607AC9C264}.Debug|x64.Build.0 = Debug|Any CPU
		{C941A458-F6F8-4183-9617-E1607AC9C264}.Debug|x86.ActiveCfg = Debug|Any CPU
		{C941A458-F6F8-4183-9617-E1607AC9C264}.Debug|x86.Build.0 = Debug|Any CPU
		{C941A458-F6F8-4183-9617-E1607AC9C264}.Release|Any CPU.ActiveCfg = Release|Any CPU
		{C941A458-F6F8-4183-9617-E1607AC9C264}.Release|Any CPU.Build.0 = Release|Any CPU
		{C941A458-F6F8-4183-9617-E1607AC9C264}.Release|x64.ActiveCfg = Release|Any CPU
		{C941A458-F6F8-4183-9617-E1607AC9C264}.Release|x64.Build.0 = Release|Any CPU
		{C941A458-F6F8-4183-9617-E1607AC9C264}.Release|x86.ActiveCfg = Release|Any CPU
		{C941A458-F6F8-4183-9617-E1607AC9C264}.Release|x86.Build.0 = Release|Any CPU
		{51A03C51-4D3C-4972-ABEB-8863AA66E5B5}.Debug|Any CPU.ActiveCfg = Debug|Any CPU
		{51A03C51-4D3C-4972-ABEB-8863AA66E5B5}.Debug|Any CPU.Build.0 = Debug|Any CPU
		{51A03C51-4D3C-4972-ABEB-8863AA66E5B5}.Debug|x64.ActiveCfg = Debug|Any CPU
		{51A03C51-4D3C-4972-ABEB-8863AA66E5B5}.Debug|x64.Build.0 = Debug|Any CPU
		{51A03C51-4D3C-4972-ABEB-8863AA66E5B5}.Debug|x86.ActiveCfg = Debug|Any CPU
		{51A03C51-4D3C-4972-ABEB-8863AA66E5B5}.Debug|x86.Build.0 = Debug|Any CPU
		{51A03C51-4D3C-4972-ABEB-8863AA66E5B5}.Release|Any CPU.ActiveCfg = Release|Any CPU
		{51A03C51-4D3C-4972-ABEB-8863AA66E5B5}.Release|Any CPU.Build.0 = Release|Any CPU
		{51A03C51-4D3C-4972-ABEB-8863AA66E5B5}.Release|x64.ActiveCfg = Release|Any CPU
		{51A03C51-4D3C-4972-ABEB-8863AA66E5B5}.Release|x64.Build.0 = Release|Any CPU
		{51A03C51-4D3C-4972-ABEB-8863AA66E5B5}.Release|x86.ActiveCfg = Release|Any CPU
		{51A03C51-4D3C-4972-ABEB-8863AA66E5B5}.Release|x86.Build.0 = Release|Any CPU
		{2F195A2A-2CBE-4A28-ABB0-B0993112731E}.Debug|Any CPU.ActiveCfg = Debug|Any CPU
		{2F195A2A-2CBE-4A28-ABB0-B0993112731E}.Debug|Any CPU.Build.0 = Debug|Any CPU
		{2F195A2A-2CBE-4A28-ABB0-B0993112731E}.Debug|x64.ActiveCfg = Debug|Any CPU
		{2F195A2A-2CBE-4A28-ABB0-B0993112731E}.Debug|x64.Build.0 = Debug|Any CPU
		{2F195A2A-2CBE-4A28-ABB0-B0993112731E}.Debug|x86.ActiveCfg = Debug|Any CPU
		{2F195A2A-2CBE-4A28-ABB0-B0993112731E}.Debug|x86.Build.0 = Debug|Any CPU
		{2F195A2A-2CBE-4A28-ABB0-B0993112731E}.Release|Any CPU.ActiveCfg = Release|Any CPU
		{2F195A2A-2CBE-4A28-ABB0-B0993112731E}.Release|Any CPU.Build.0 = Release|Any CPU
		{2F195A2A-2CBE-4A28-ABB0-B0993112731E}.Release|x64.ActiveCfg = Release|Any CPU
		{2F195A2A-2CBE-4A28-ABB0-B0993112731E}.Release|x64.Build.0 = Release|Any CPU
		{2F195A2A-2CBE-4A28-ABB0-B0993112731E}.Release|x86.ActiveCfg = Release|Any CPU
		{2F195A2A-2CBE-4A28-ABB0-B0993112731E}.Release|x86.Build.0 = Release|Any CPU
		{8769B9C9-66AB-4465-A919-84DF0568F693}.Debug|Any CPU.ActiveCfg = Debug|Any CPU
		{8769B9C9-66AB-4465-A919-84DF0568F693}.Debug|Any CPU.Build.0 = Debug|Any CPU
		{8769B9C9-66AB-4465-A919-84DF0568F693}.Debug|x64.ActiveCfg = Debug|Any CPU
		{8769B9C9-66AB-4465-A919-84DF0568F693}.Debug|x64.Build.0 = Debug|Any CPU
		{8769B9C9-66AB-4465-A919-84DF0568F693}.Debug|x86.ActiveCfg = Debug|Any CPU
		{8769B9C9-66AB-4465-A919-84DF0568F693}.Debug|x86.Build.0 = Debug|Any CPU
		{8769B9C9-66AB-4465-A919-84DF0568F693}.Release|Any CPU.ActiveCfg = Release|Any CPU
		{8769B9C9-66AB-4465-A919-84DF0568F693}.Release|Any CPU.Build.0 = Release|Any CPU
		{8769B9C9-66AB-4465-A919-84DF0568F693}.Release|x64.ActiveCfg = Release|Any CPU
		{8769B9C9-66AB-4465-A919-84DF0568F693}.Release|x64.Build.0 = Release|Any CPU
		{8769B9C9-66AB-4465-A919-84DF0568F693}.Release|x86.ActiveCfg = Release|Any CPU
		{8769B9C9-66AB-4465-A919-84DF0568F693}.Release|x86.Build.0 = Release|Any CPU
		{376B7833-B670-4589-93CE-431A7FD61DD0}.Debug|Any CPU.ActiveCfg = Debug|Any CPU
		{376B7833-B670-4589-93CE-431A7FD61DD0}.Debug|Any CPU.Build.0 = Debug|Any CPU
		{376B7833-B670-4589-93CE-431A7FD61DD0}.Debug|x64.ActiveCfg = Debug|Any CPU
		{376B7833-B670-4589-93CE-431A7FD61DD0}.Debug|x64.Build.0 = Debug|Any CPU
		{376B7833-B670-4589-93CE-431A7FD61DD0}.Debug|x86.ActiveCfg = Debug|Any CPU
		{376B7833-B670-4589-93CE-431A7FD61DD0}.Debug|x86.Build.0 = Debug|Any CPU
		{376B7833-B670-4589-93CE-431A7FD61DD0}.Release|Any CPU.ActiveCfg = Release|Any CPU
		{376B7833-B670-4589-93CE-431A7FD61DD0}.Release|Any CPU.Build.0 = Release|Any CPU
		{376B7833-B670-4589-93CE-431A7FD61DD0}.Release|x64.ActiveCfg = Release|Any CPU
		{376B7833-B670-4589-93CE-431A7FD61DD0}.Release|x64.Build.0 = Release|Any CPU
		{376B7833-B670-4589-93CE-431A7FD61DD0}.Release|x86.ActiveCfg = Release|Any CPU
		{376B7833-B670-4589-93CE-431A7FD61DD0}.Release|x86.Build.0 = Release|Any CPU
		{012597BF-FDC9-4275-A551-7BB357FC27AD}.Debug|Any CPU.ActiveCfg = Debug|Any CPU
		{012597BF-FDC9-4275-A551-7BB357FC27AD}.Debug|Any CPU.Build.0 = Debug|Any CPU
		{012597BF-FDC9-4275-A551-7BB357FC27AD}.Debug|x64.ActiveCfg = Debug|Any CPU
		{012597BF-FDC9-4275-A551-7BB357FC27AD}.Debug|x64.Build.0 = Debug|Any CPU
		{012597BF-FDC9-4275-A551-7BB357FC27AD}.Debug|x86.ActiveCfg = Debug|Any CPU
		{012597BF-FDC9-4275-A551-7BB357FC27AD}.Debug|x86.Build.0 = Debug|Any CPU
		{012597BF-FDC9-4275-A551-7BB357FC27AD}.Release|Any CPU.ActiveCfg = Release|Any CPU
		{012597BF-FDC9-4275-A551-7BB357FC27AD}.Release|Any CPU.Build.0 = Release|Any CPU
		{012597BF-FDC9-4275-A551-7BB357FC27AD}.Release|x64.ActiveCfg = Release|Any CPU
		{012597BF-FDC9-4275-A551-7BB357FC27AD}.Release|x64.Build.0 = Release|Any CPU
		{012597BF-FDC9-4275-A551-7BB357FC27AD}.Release|x86.ActiveCfg = Release|Any CPU
		{012597BF-FDC9-4275-A551-7BB357FC27AD}.Release|x86.Build.0 = Release|Any CPU
		{09394146-0214-473B-91D1-46F74C80B0E3}.Debug|Any CPU.ActiveCfg = Debug|Any CPU
		{09394146-0214-473B-91D1-46F74C80B0E3}.Debug|Any CPU.Build.0 = Debug|Any CPU
		{09394146-0214-473B-91D1-46F74C80B0E3}.Debug|x64.ActiveCfg = Debug|Any CPU
		{09394146-0214-473B-91D1-46F74C80B0E3}.Debug|x64.Build.0 = Debug|Any CPU
		{09394146-0214-473B-91D1-46F74C80B0E3}.Debug|x86.ActiveCfg = Debug|Any CPU
		{09394146-0214-473B-91D1-46F74C80B0E3}.Debug|x86.Build.0 = Debug|Any CPU
		{09394146-0214-473B-91D1-46F74C80B0E3}.Release|Any CPU.ActiveCfg = Release|Any CPU
		{09394146-0214-473B-91D1-46F74C80B0E3}.Release|Any CPU.Build.0 = Release|Any CPU
		{09394146-0214-473B-91D1-46F74C80B0E3}.Release|x64.ActiveCfg = Release|Any CPU
		{09394146-0214-473B-91D1-46F74C80B0E3}.Release|x64.Build.0 = Release|Any CPU
		{09394146-0214-473B-91D1-46F74C80B0E3}.Release|x86.ActiveCfg = Release|Any CPU
		{09394146-0214-473B-91D1-46F74C80B0E3}.Release|x86.Build.0 = Release|Any CPU
		{12B23C88-CE2C-410B-AD00-720A121A6FD8}.Debug|Any CPU.ActiveCfg = Debug|Any CPU
		{12B23C88-CE2C-410B-AD00-720A121A6FD8}.Debug|Any CPU.Build.0 = Debug|Any CPU
		{12B23C88-CE2C-410B-AD00-720A121A6FD8}.Debug|x64.ActiveCfg = Debug|Any CPU
		{12B23C88-CE2C-410B-AD00-720A121A6FD8}.Debug|x64.Build.0 = Debug|Any CPU
		{12B23C88-CE2C-410B-AD00-720A121A6FD8}.Debug|x86.ActiveCfg = Debug|Any CPU
		{12B23C88-CE2C-410B-AD00-720A121A6FD8}.Debug|x86.Build.0 = Debug|Any CPU
		{12B23C88-CE2C-410B-AD00-720A121A6FD8}.Release|Any CPU.ActiveCfg = Release|Any CPU
		{12B23C88-CE2C-410B-AD00-720A121A6FD8}.Release|Any CPU.Build.0 = Release|Any CPU
		{12B23C88-CE2C-410B-AD00-720A121A6FD8}.Release|x64.ActiveCfg = Release|Any CPU
		{12B23C88-CE2C-410B-AD00-720A121A6FD8}.Release|x64.Build.0 = Release|Any CPU
		{12B23C88-CE2C-410B-AD00-720A121A6FD8}.Release|x86.ActiveCfg = Release|Any CPU
		{12B23C88-CE2C-410B-AD00-720A121A6FD8}.Release|x86.Build.0 = Release|Any CPU
		{3949CDA7-715C-4B68-9105-1C1A1C5EAB58}.Debug|Any CPU.ActiveCfg = Debug|Any CPU
		{3949CDA7-715C-4B68-9105-1C1A1C5EAB58}.Debug|Any CPU.Build.0 = Debug|Any CPU
		{3949CDA7-715C-4B68-9105-1C1A1C5EAB58}.Debug|x64.ActiveCfg = Debug|Any CPU
		{3949CDA7-715C-4B68-9105-1C1A1C5EAB58}.Debug|x64.Build.0 = Debug|Any CPU
		{3949CDA7-715C-4B68-9105-1C1A1C5EAB58}.Debug|x86.ActiveCfg = Debug|Any CPU
		{3949CDA7-715C-4B68-9105-1C1A1C5EAB58}.Debug|x86.Build.0 = Debug|Any CPU
		{3949CDA7-715C-4B68-9105-1C1A1C5EAB58}.Release|Any CPU.ActiveCfg = Release|Any CPU
		{3949CDA7-715C-4B68-9105-1C1A1C5EAB58}.Release|Any CPU.Build.0 = Release|Any CPU
		{3949CDA7-715C-4B68-9105-1C1A1C5EAB58}.Release|x64.ActiveCfg = Release|Any CPU
		{3949CDA7-715C-4B68-9105-1C1A1C5EAB58}.Release|x64.Build.0 = Release|Any CPU
		{3949CDA7-715C-4B68-9105-1C1A1C5EAB58}.Release|x86.ActiveCfg = Release|Any CPU
		{3949CDA7-715C-4B68-9105-1C1A1C5EAB58}.Release|x86.Build.0 = Release|Any CPU
		{43A06851-69D8-444C-AB6A-ED05796E4C7B}.Debug|Any CPU.ActiveCfg = Debug|Any CPU
		{43A06851-69D8-444C-AB6A-ED05796E4C7B}.Debug|Any CPU.Build.0 = Debug|Any CPU
		{43A06851-69D8-444C-AB6A-ED05796E4C7B}.Debug|x64.ActiveCfg = Debug|Any CPU
		{43A06851-69D8-444C-AB6A-ED05796E4C7B}.Debug|x64.Build.0 = Debug|Any CPU
		{43A06851-69D8-444C-AB6A-ED05796E4C7B}.Debug|x86.ActiveCfg = Debug|Any CPU
		{43A06851-69D8-444C-AB6A-ED05796E4C7B}.Debug|x86.Build.0 = Debug|Any CPU
		{43A06851-69D8-444C-AB6A-ED05796E4C7B}.Release|Any CPU.ActiveCfg = Release|Any CPU
		{43A06851-69D8-444C-AB6A-ED05796E4C7B}.Release|Any CPU.Build.0 = Release|Any CPU
		{43A06851-69D8-444C-AB6A-ED05796E4C7B}.Release|x64.ActiveCfg = Release|Any CPU
		{43A06851-69D8-444C-AB6A-ED05796E4C7B}.Release|x64.Build.0 = Release|Any CPU
		{43A06851-69D8-444C-AB6A-ED05796E4C7B}.Release|x86.ActiveCfg = Release|Any CPU
		{43A06851-69D8-444C-AB6A-ED05796E4C7B}.Release|x86.Build.0 = Release|Any CPU
		{B8E9E48B-CB2F-4A9A-BB7C-5D56F2B2FA14}.Debug|Any CPU.ActiveCfg = Debug|Any CPU
		{B8E9E48B-CB2F-4A9A-BB7C-5D56F2B2FA14}.Debug|Any CPU.Build.0 = Debug|Any CPU
		{B8E9E48B-CB2F-4A9A-BB7C-5D56F2B2FA14}.Debug|x64.ActiveCfg = Debug|Any CPU
		{B8E9E48B-CB2F-4A9A-BB7C-5D56F2B2FA14}.Debug|x64.Build.0 = Debug|Any CPU
		{B8E9E48B-CB2F-4A9A-BB7C-5D56F2B2FA14}.Debug|x86.ActiveCfg = Debug|Any CPU
		{B8E9E48B-CB2F-4A9A-BB7C-5D56F2B2FA14}.Debug|x86.Build.0 = Debug|Any CPU
		{B8E9E48B-CB2F-4A9A-BB7C-5D56F2B2FA14}.Release|Any CPU.ActiveCfg = Release|Any CPU
		{B8E9E48B-CB2F-4A9A-BB7C-5D56F2B2FA14}.Release|Any CPU.Build.0 = Release|Any CPU
		{B8E9E48B-CB2F-4A9A-BB7C-5D56F2B2FA14}.Release|x64.ActiveCfg = Release|Any CPU
		{B8E9E48B-CB2F-4A9A-BB7C-5D56F2B2FA14}.Release|x64.Build.0 = Release|Any CPU
		{B8E9E48B-CB2F-4A9A-BB7C-5D56F2B2FA14}.Release|x86.ActiveCfg = Release|Any CPU
		{B8E9E48B-CB2F-4A9A-BB7C-5D56F2B2FA14}.Release|x86.Build.0 = Release|Any CPU
		{4A0F222D-D456-496D-87BB-D6D2D513237C}.Debug|Any CPU.ActiveCfg = Debug|Any CPU
		{4A0F222D-D456-496D-87BB-D6D2D513237C}.Debug|Any CPU.Build.0 = Debug|Any CPU
		{4A0F222D-D456-496D-87BB-D6D2D513237C}.Debug|x64.ActiveCfg = Debug|Any CPU
		{4A0F222D-D456-496D-87BB-D6D2D513237C}.Debug|x64.Build.0 = Debug|Any CPU
		{4A0F222D-D456-496D-87BB-D6D2D513237C}.Debug|x86.ActiveCfg = Debug|Any CPU
		{4A0F222D-D456-496D-87BB-D6D2D513237C}.Debug|x86.Build.0 = Debug|Any CPU
		{4A0F222D-D456-496D-87BB-D6D2D513237C}.Release|Any CPU.ActiveCfg = Release|Any CPU
		{4A0F222D-D456-496D-87BB-D6D2D513237C}.Release|Any CPU.Build.0 = Release|Any CPU
		{4A0F222D-D456-496D-87BB-D6D2D513237C}.Release|x64.ActiveCfg = Release|Any CPU
		{4A0F222D-D456-496D-87BB-D6D2D513237C}.Release|x64.Build.0 = Release|Any CPU
		{4A0F222D-D456-496D-87BB-D6D2D513237C}.Release|x86.ActiveCfg = Release|Any CPU
		{4A0F222D-D456-496D-87BB-D6D2D513237C}.Release|x86.Build.0 = Release|Any CPU
		{C3269806-36D2-4240-AA43-6F36529FB0BB}.Debug|Any CPU.ActiveCfg = Debug|Any CPU
		{C3269806-36D2-4240-AA43-6F36529FB0BB}.Debug|Any CPU.Build.0 = Debug|Any CPU
		{C3269806-36D2-4240-AA43-6F36529FB0BB}.Debug|x64.ActiveCfg = Debug|Any CPU
		{C3269806-36D2-4240-AA43-6F36529FB0BB}.Debug|x64.Build.0 = Debug|Any CPU
		{C3269806-36D2-4240-AA43-6F36529FB0BB}.Debug|x86.ActiveCfg = Debug|Any CPU
		{C3269806-36D2-4240-AA43-6F36529FB0BB}.Debug|x86.Build.0 = Debug|Any CPU
		{C3269806-36D2-4240-AA43-6F36529FB0BB}.Release|Any CPU.ActiveCfg = Release|Any CPU
		{C3269806-36D2-4240-AA43-6F36529FB0BB}.Release|Any CPU.Build.0 = Release|Any CPU
		{C3269806-36D2-4240-AA43-6F36529FB0BB}.Release|x64.ActiveCfg = Release|Any CPU
		{C3269806-36D2-4240-AA43-6F36529FB0BB}.Release|x64.Build.0 = Release|Any CPU
		{C3269806-36D2-4240-AA43-6F36529FB0BB}.Release|x86.ActiveCfg = Release|Any CPU
		{C3269806-36D2-4240-AA43-6F36529FB0BB}.Release|x86.Build.0 = Release|Any CPU
		{50A79F00-AC00-4D78-8629-24D4AB7D9D00}.Debug|Any CPU.ActiveCfg = Debug|Any CPU
		{50A79F00-AC00-4D78-8629-24D4AB7D9D00}.Debug|Any CPU.Build.0 = Debug|Any CPU
		{50A79F00-AC00-4D78-8629-24D4AB7D9D00}.Debug|x64.ActiveCfg = Debug|Any CPU
		{50A79F00-AC00-4D78-8629-24D4AB7D9D00}.Debug|x64.Build.0 = Debug|Any CPU
		{50A79F00-AC00-4D78-8629-24D4AB7D9D00}.Debug|x86.ActiveCfg = Debug|Any CPU
		{50A79F00-AC00-4D78-8629-24D4AB7D9D00}.Debug|x86.Build.0 = Debug|Any CPU
		{50A79F00-AC00-4D78-8629-24D4AB7D9D00}.Release|Any CPU.ActiveCfg = Release|Any CPU
		{50A79F00-AC00-4D78-8629-24D4AB7D9D00}.Release|Any CPU.Build.0 = Release|Any CPU
		{50A79F00-AC00-4D78-8629-24D4AB7D9D00}.Release|x64.ActiveCfg = Release|Any CPU
		{50A79F00-AC00-4D78-8629-24D4AB7D9D00}.Release|x64.Build.0 = Release|Any CPU
		{50A79F00-AC00-4D78-8629-24D4AB7D9D00}.Release|x86.ActiveCfg = Release|Any CPU
		{50A79F00-AC00-4D78-8629-24D4AB7D9D00}.Release|x86.Build.0 = Release|Any CPU
		{993519CB-0EB3-403E-961D-28DD9503A7FF}.Debug|Any CPU.ActiveCfg = Debug|Any CPU
		{993519CB-0EB3-403E-961D-28DD9503A7FF}.Debug|Any CPU.Build.0 = Debug|Any CPU
		{993519CB-0EB3-403E-961D-28DD9503A7FF}.Debug|x64.ActiveCfg = Debug|Any CPU
		{993519CB-0EB3-403E-961D-28DD9503A7FF}.Debug|x64.Build.0 = Debug|Any CPU
		{993519CB-0EB3-403E-961D-28DD9503A7FF}.Debug|x86.ActiveCfg = Debug|Any CPU
		{993519CB-0EB3-403E-961D-28DD9503A7FF}.Debug|x86.Build.0 = Debug|Any CPU
		{993519CB-0EB3-403E-961D-28DD9503A7FF}.Release|Any CPU.ActiveCfg = Release|Any CPU
		{993519CB-0EB3-403E-961D-28DD9503A7FF}.Release|Any CPU.Build.0 = Release|Any CPU
		{993519CB-0EB3-403E-961D-28DD9503A7FF}.Release|x64.ActiveCfg = Release|Any CPU
		{993519CB-0EB3-403E-961D-28DD9503A7FF}.Release|x64.Build.0 = Release|Any CPU
		{993519CB-0EB3-403E-961D-28DD9503A7FF}.Release|x86.ActiveCfg = Release|Any CPU
		{993519CB-0EB3-403E-961D-28DD9503A7FF}.Release|x86.Build.0 = Release|Any CPU
		{848CE696-60D8-49D2-8FA7-CC90027DEA83}.Debug|Any CPU.ActiveCfg = Debug|Any CPU
		{848CE696-60D8-49D2-8FA7-CC90027DEA83}.Debug|Any CPU.Build.0 = Debug|Any CPU
		{848CE696-60D8-49D2-8FA7-CC90027DEA83}.Debug|x64.ActiveCfg = Debug|Any CPU
		{848CE696-60D8-49D2-8FA7-CC90027DEA83}.Debug|x64.Build.0 = Debug|Any CPU
		{848CE696-60D8-49D2-8FA7-CC90027DEA83}.Debug|x86.ActiveCfg = Debug|Any CPU
		{848CE696-60D8-49D2-8FA7-CC90027DEA83}.Debug|x86.Build.0 = Debug|Any CPU
		{848CE696-60D8-49D2-8FA7-CC90027DEA83}.Release|Any CPU.ActiveCfg = Release|Any CPU
		{848CE696-60D8-49D2-8FA7-CC90027DEA83}.Release|Any CPU.Build.0 = Release|Any CPU
		{848CE696-60D8-49D2-8FA7-CC90027DEA83}.Release|x64.ActiveCfg = Release|Any CPU
		{848CE696-60D8-49D2-8FA7-CC90027DEA83}.Release|x64.Build.0 = Release|Any CPU
		{848CE696-60D8-49D2-8FA7-CC90027DEA83}.Release|x86.ActiveCfg = Release|Any CPU
		{848CE696-60D8-49D2-8FA7-CC90027DEA83}.Release|x86.Build.0 = Release|Any CPU
		{5B83ED34-1A8B-44F0-94F5-9E7FE64F74A4}.Debug|Any CPU.ActiveCfg = Debug|Any CPU
		{5B83ED34-1A8B-44F0-94F5-9E7FE64F74A4}.Debug|Any CPU.Build.0 = Debug|Any CPU
		{5B83ED34-1A8B-44F0-94F5-9E7FE64F74A4}.Debug|x64.ActiveCfg = Debug|Any CPU
		{5B83ED34-1A8B-44F0-94F5-9E7FE64F74A4}.Debug|x64.Build.0 = Debug|Any CPU
		{5B83ED34-1A8B-44F0-94F5-9E7FE64F74A4}.Debug|x86.ActiveCfg = Debug|Any CPU
		{5B83ED34-1A8B-44F0-94F5-9E7FE64F74A4}.Debug|x86.Build.0 = Debug|Any CPU
		{5B83ED34-1A8B-44F0-94F5-9E7FE64F74A4}.Release|Any CPU.ActiveCfg = Release|Any CPU
		{5B83ED34-1A8B-44F0-94F5-9E7FE64F74A4}.Release|Any CPU.Build.0 = Release|Any CPU
		{5B83ED34-1A8B-44F0-94F5-9E7FE64F74A4}.Release|x64.ActiveCfg = Release|Any CPU
		{5B83ED34-1A8B-44F0-94F5-9E7FE64F74A4}.Release|x64.Build.0 = Release|Any CPU
		{5B83ED34-1A8B-44F0-94F5-9E7FE64F74A4}.Release|x86.ActiveCfg = Release|Any CPU
		{5B83ED34-1A8B-44F0-94F5-9E7FE64F74A4}.Release|x86.Build.0 = Release|Any CPU
		{D100585F-F206-4457-B92B-DE0E02DBF5E6}.Debug|Any CPU.ActiveCfg = Debug|Any CPU
		{D100585F-F206-4457-B92B-DE0E02DBF5E6}.Debug|Any CPU.Build.0 = Debug|Any CPU
		{D100585F-F206-4457-B92B-DE0E02DBF5E6}.Debug|x64.ActiveCfg = Debug|Any CPU
		{D100585F-F206-4457-B92B-DE0E02DBF5E6}.Debug|x64.Build.0 = Debug|Any CPU
		{D100585F-F206-4457-B92B-DE0E02DBF5E6}.Debug|x86.ActiveCfg = Debug|Any CPU
		{D100585F-F206-4457-B92B-DE0E02DBF5E6}.Debug|x86.Build.0 = Debug|Any CPU
		{D100585F-F206-4457-B92B-DE0E02DBF5E6}.Release|Any CPU.ActiveCfg = Release|Any CPU
		{D100585F-F206-4457-B92B-DE0E02DBF5E6}.Release|Any CPU.Build.0 = Release|Any CPU
		{D100585F-F206-4457-B92B-DE0E02DBF5E6}.Release|x64.ActiveCfg = Release|Any CPU
		{D100585F-F206-4457-B92B-DE0E02DBF5E6}.Release|x64.Build.0 = Release|Any CPU
		{D100585F-F206-4457-B92B-DE0E02DBF5E6}.Release|x86.ActiveCfg = Release|Any CPU
		{D100585F-F206-4457-B92B-DE0E02DBF5E6}.Release|x86.Build.0 = Release|Any CPU
	EndGlobalSection
	GlobalSection(SolutionProperties) = preSolution
		HideSolutionNode = FALSE
	EndGlobalSection
	GlobalSection(NestedProjects) = preSolution
		{C941A458-F6F8-4183-9617-E1607AC9C264} = {827E0CD3-B72D-47B6-A68D-7590B98EB39B}
		{EC447DCF-ABFA-6E24-52A5-D7FD48A5C558} = {827E0CD3-B72D-47B6-A68D-7590B98EB39B}
		{0EC62A1A-9858-3A60-8A0C-FC9AACFA2EC7} = {EC447DCF-ABFA-6E24-52A5-D7FD48A5C558}
		{51A03C51-4D3C-4972-ABEB-8863AA66E5B5} = {0EC62A1A-9858-3A60-8A0C-FC9AACFA2EC7}
		{2F195A2A-2CBE-4A28-ABB0-B0993112731E} = {0EC62A1A-9858-3A60-8A0C-FC9AACFA2EC7}
		{8769B9C9-66AB-4465-A919-84DF0568F693} = {0EC62A1A-9858-3A60-8A0C-FC9AACFA2EC7}
		{376B7833-B670-4589-93CE-431A7FD61DD0} = {0AB3BF05-4346-4AA6-1389-037BE0695223}
		{012597BF-FDC9-4275-A551-7BB357FC27AD} = {0AB3BF05-4346-4AA6-1389-037BE0695223}
		{09394146-0214-473B-91D1-46F74C80B0E3} = {0AB3BF05-4346-4AA6-1389-037BE0695223}
		{729F95BF-2DC2-A62D-8E85-CBB5E28305CD} = {EC447DCF-ABFA-6E24-52A5-D7FD48A5C558}
		{12B23C88-CE2C-410B-AD00-720A121A6FD8} = {729F95BF-2DC2-A62D-8E85-CBB5E28305CD}
		{3949CDA7-715C-4B68-9105-1C1A1C5EAB58} = {729F95BF-2DC2-A62D-8E85-CBB5E28305CD}
		{43A06851-69D8-444C-AB6A-ED05796E4C7B} = {729F95BF-2DC2-A62D-8E85-CBB5E28305CD}
		{B8E9E48B-CB2F-4A9A-BB7C-5D56F2B2FA14} = {2E3F4A5B-6C7D-8E9F-A0B1-C2D3E4F5A6B7}
		{4A0F222D-D456-496D-87BB-D6D2D513237C} = {2E3F4A5B-6C7D-8E9F-A0B1-C2D3E4F5A6B7}
		{C3269806-36D2-4240-AA43-6F36529FB0BB} = {2E3F4A5B-6C7D-8E9F-A0B1-C2D3E4F5A6B7}
		{50A79F00-AC00-4D78-8629-24D4AB7D9D00} = {9F8E7D6C-5B4A-3F2E-1D0C-B9A8F7E6D5C4}
		{993519CB-0EB3-403E-961D-28DD9503A7FF} = {9F8E7D6C-5B4A-3F2E-1D0C-B9A8F7E6D5C4}
		{848CE696-60D8-49D2-8FA7-CC90027DEA83} = {9F8E7D6C-5B4A-3F2E-1D0C-B9A8F7E6D5C4}
		{DA0A0FAD-B77D-FDD6-35C5-001386650F99} = {EC447DCF-ABFA-6E24-52A5-D7FD48A5C558}
		{2E3F4A5B-6C7D-8E9F-A0B1-C2D3E4F5A6B7} = {EC447DCF-ABFA-6E24-52A5-D7FD48A5C558}
		{9F8E7D6C-5B4A-3F2E-1D0C-B9A8F7E6D5C4} = {EC447DCF-ABFA-6E24-52A5-D7FD48A5C558}
		{5B83ED34-1A8B-44F0-94F5-9E7FE64F74A4} = {DA0A0FAD-B77D-FDD6-35C5-001386650F99}
		{D100585F-F206-4457-B92B-DE0E02DBF5E6} = {DA0A0FAD-B77D-FDD6-35C5-001386650F99}
	EndGlobalSection
	GlobalSection(ExtensibilityGlobals) = postSolution
		SolutionGuid = {0B6F636A-5D5F-4273-9CC3-8A9DAE35D95E}
	EndGlobalSection
EndGlobal
